// !$*UTF8*$!
{
	archiveVersion = 1;
	classes = {
	};
	objectVersion = 55;
	objects = {

/* Begin PBXBuildFile section */
		A61E021626F90C4F0000DBD5 /* iOS_MVVM_Magic8BallApp.swift in Sources */ = {isa = PBXBuildFile; fileRef = A61E021526F90C4F0000DBD5 /* iOS_MVVM_Magic8BallApp.swift */; };
		A61E021826F90C4F0000DBD5 /* ContentView.swift in Sources */ = {isa = PBXBuildFile; fileRef = A61E021726F90C4F0000DBD5 /* ContentView.swift */; };
		A61E021A26F90C550000DBD5 /* Assets.xcassets in Resources */ = {isa = PBXBuildFile; fileRef = A61E021926F90C550000DBD5 /* Assets.xcassets */; };
		A61E021D26F90C550000DBD5 /* Preview Assets.xcassets in Resources */ = {isa = PBXBuildFile; fileRef = A61E021C26F90C550000DBD5 /* Preview Assets.xcassets */; };
		A6E05E7426F4ED3100DD8795 /* main.swift in Sources */ = {isa = PBXBuildFile; fileRef = A6E05E7326F4ED3100DD8795 /* main.swift */; };
		A6E05E7C26F4EFE300DD8795 /* Magic8Ball.swift in Sources */ = {isa = PBXBuildFile; fileRef = A6E05E7B26F4EFE300DD8795 /* Magic8Ball.swift */; };
		A6E05E7E26F4F31600DD8795 /* Session.swift in Sources */ = {isa = PBXBuildFile; fileRef = A6E05E7D26F4F31600DD8795 /* Session.swift */; };
		A6E05E8226F4F60600DD8795 /* AdviceViewModel.swift in Sources */ = {isa = PBXBuildFile; fileRef = A6E05E8126F4F60600DD8795 /* AdviceViewModel.swift */; };
/* End PBXBuildFile section */

/* Begin PBXCopyFilesBuildPhase section */
		A6E05E6E26F4ED3100DD8795 /* CopyFiles */ = {
			isa = PBXCopyFilesBuildPhase;
			buildActionMask = 2147483647;
			dstPath = /usr/share/man/man1/;
			dstSubfolderSpec = 0;
			files = (
			);
			runOnlyForDeploymentPostprocessing = 1;
		};
/* End PBXCopyFilesBuildPhase section */

/* Begin PBXFileReference section */
		A61E021326F90C4F0000DBD5 /* iOS-MVVM-Magic8Ball.app */ = {isa = PBXFileReference; explicitFileType = wrapper.application; includeInIndex = 0; path = "iOS-MVVM-Magic8Ball.app"; sourceTree = BUILT_PRODUCTS_DIR; };
		A61E021526F90C4F0000DBD5 /* iOS_MVVM_Magic8BallApp.swift */ = {isa = PBXFileReference; lastKnownFileType = sourcecode.swift; path = iOS_MVVM_Magic8BallApp.swift; sourceTree = "<group>"; };
		A61E021726F90C4F0000DBD5 /* ContentView.swift */ = {isa = PBXFileReference; lastKnownFileType = sourcecode.swift; path = ContentView.swift; sourceTree = "<group>"; };
		A61E021926F90C550000DBD5 /* Assets.xcassets */ = {isa = PBXFileReference; lastKnownFileType = folder.assetcatalog; path = Assets.xcassets; sourceTree = "<group>"; };
		A61E021C26F90C550000DBD5 /* Preview Assets.xcassets */ = {isa = PBXFileReference; lastKnownFileType = folder.assetcatalog; path = "Preview Assets.xcassets"; sourceTree = "<group>"; };
		A6E05E7026F4ED3100DD8795 /* MVVM-Magic8Ball */ = {isa = PBXFileReference; explicitFileType = "compiled.mach-o.executable"; includeInIndex = 0; path = "MVVM-Magic8Ball"; sourceTree = BUILT_PRODUCTS_DIR; };
		A6E05E7326F4ED3100DD8795 /* main.swift */ = {isa = PBXFileReference; lastKnownFileType = sourcecode.swift; path = main.swift; sourceTree = "<group>"; };
		A6E05E7B26F4EFE300DD8795 /* Magic8Ball.swift */ = {isa = PBXFileReference; lastKnownFileType = sourcecode.swift; path = Magic8Ball.swift; sourceTree = "<group>"; };
		A6E05E7D26F4F31600DD8795 /* Session.swift */ = {isa = PBXFileReference; lastKnownFileType = sourcecode.swift; path = Session.swift; sourceTree = "<group>"; };
		A6E05E8126F4F60600DD8795 /* AdviceViewModel.swift */ = {isa = PBXFileReference; lastKnownFileType = sourcecode.swift; path = AdviceViewModel.swift; sourceTree = "<group>"; };
/* End PBXFileReference section */

/* Begin PBXFrameworksBuildPhase section */
		A61E021026F90C4F0000DBD5 /* Frameworks */ = {
			isa = PBXFrameworksBuildPhase;
			buildActionMask = 2147483647;
			files = (
			);
			runOnlyForDeploymentPostprocessing = 0;
		};
		A6E05E6D26F4ED3100DD8795 /* Frameworks */ = {
			isa = PBXFrameworksBuildPhase;
			buildActionMask = 2147483647;
			files = (
			);
			runOnlyForDeploymentPostprocessing = 0;
		};
/* End PBXFrameworksBuildPhase section */

/* Begin PBXGroup section */
		A61E021426F90C4F0000DBD5 /* iOS-MVVM-Magic8Ball */ = {
			isa = PBXGroup;
			children = (
				A61E021526F90C4F0000DBD5 /* iOS_MVVM_Magic8BallApp.swift */,
				A61E021726F90C4F0000DBD5 /* ContentView.swift */,
				A61E021926F90C550000DBD5 /* Assets.xcassets */,
				A61E021B26F90C550000DBD5 /* Preview Content */,
			);
			path = "iOS-MVVM-Magic8Ball";
			sourceTree = "<group>";
		};
		A61E021B26F90C550000DBD5 /* Preview Content */ = {
			isa = PBXGroup;
			children = (
				A61E021C26F90C550000DBD5 /* Preview Assets.xcassets */,
			);
			path = "Preview Content";
			sourceTree = "<group>";
		};
		A6E05E6726F4ED3100DD8795 = {
			isa = PBXGroup;
			children = (
				A6E05E7226F4ED3100DD8795 /* MVVM-Magic8Ball */,
				A61E021426F90C4F0000DBD5 /* iOS-MVVM-Magic8Ball */,
				A6E05E7126F4ED3100DD8795 /* Products */,
			);
			sourceTree = "<group>";
		};
		A6E05E7126F4ED3100DD8795 /* Products */ = {
			isa = PBXGroup;
			children = (
				A6E05E7026F4ED3100DD8795 /* MVVM-Magic8Ball */,
				A61E021326F90C4F0000DBD5 /* iOS-MVVM-Magic8Ball.app */,
			);
			name = Products;
			sourceTree = "<group>";
		};
		A6E05E7226F4ED3100DD8795 /* MVVM-Magic8Ball */ = {
			isa = PBXGroup;
			children = (
				A6E05E8026F4F53A00DD8795 /* ViewModels */,
				A6E05E7F26F4F52400DD8795 /* Views */,
				A6E05E7A26F4EFB400DD8795 /* Model */,
			);
			path = "MVVM-Magic8Ball";
			sourceTree = "<group>";
		};
		A6E05E7A26F4EFB400DD8795 /* Model */ = {
			isa = PBXGroup;
			children = (
				A6E05E7B26F4EFE300DD8795 /* Magic8Ball.swift */,
				A6E05E7D26F4F31600DD8795 /* Session.swift */,
			);
			path = Model;
			sourceTree = "<group>";
		};
		A6E05E7F26F4F52400DD8795 /* Views */ = {
			isa = PBXGroup;
			children = (
				A6E05E7326F4ED3100DD8795 /* main.swift */,
			);
			path = Views;
			sourceTree = "<group>";
		};
		A6E05E8026F4F53A00DD8795 /* ViewModels */ = {
			isa = PBXGroup;
			children = (
				A6E05E8126F4F60600DD8795 /* AdviceViewModel.swift */,
			);
			path = ViewModels;
			sourceTree = "<group>";
		};
/* End PBXGroup section */

/* Begin PBXNativeTarget section */
		A61E021226F90C4F0000DBD5 /* iOS-MVVM-Magic8Ball */ = {
			isa = PBXNativeTarget;
			buildConfigurationList = A61E022026F90C550000DBD5 /* Build configuration list for PBXNativeTarget "iOS-MVVM-Magic8Ball" */;
			buildPhases = (
				A61E020F26F90C4F0000DBD5 /* Sources */,
				A61E021026F90C4F0000DBD5 /* Frameworks */,
				A61E021126F90C4F0000DBD5 /* Resources */,
			);
			buildRules = (
			);
			dependencies = (
			);
			name = "iOS-MVVM-Magic8Ball";
			productName = "iOS-MVVM-Magic8Ball";
			productReference = A61E021326F90C4F0000DBD5 /* iOS-MVVM-Magic8Ball.app */;
			productType = "com.apple.product-type.application";
		};
		A6E05E6F26F4ED3100DD8795 /* MVVM-Magic8Ball */ = {
			isa = PBXNativeTarget;
			buildConfigurationList = A6E05E7726F4ED3100DD8795 /* Build configuration list for PBXNativeTarget "MVVM-Magic8Ball" */;
			buildPhases = (
				A6E05E6C26F4ED3100DD8795 /* Sources */,
				A6E05E6D26F4ED3100DD8795 /* Frameworks */,
				A6E05E6E26F4ED3100DD8795 /* CopyFiles */,
			);
			buildRules = (
			);
			dependencies = (
			);
			name = "MVVM-Magic8Ball";
			productName = "MVVM-Magic8Ball";
			productReference = A6E05E7026F4ED3100DD8795 /* MVVM-Magic8Ball */;
			productType = "com.apple.product-type.tool";
		};
/* End PBXNativeTarget section */

/* Begin PBXProject section */
		A6E05E6826F4ED3100DD8795 /* Project object */ = {
			isa = PBXProject;
			attributes = {
				BuildIndependentTargetsInParallel = 1;
				LastSwiftUpdateCheck = 1300;
				LastUpgradeCheck = 1300;
				TargetAttributes = {
					A61E021226F90C4F0000DBD5 = {
						CreatedOnToolsVersion = 13.0;
					};
					A6E05E6F26F4ED3100DD8795 = {
						CreatedOnToolsVersion = 13.0;
					};
				};
			};
			buildConfigurationList = A6E05E6B26F4ED3100DD8795 /* Build configuration list for PBXProject "MVVM-Magic8Ball" */;
			compatibilityVersion = "Xcode 13.0";
			developmentRegion = en;
			hasScannedForEncodings = 0;
			knownRegions = (
				en,
				Base,
			);
			mainGroup = A6E05E6726F4ED3100DD8795;
			productRefGroup = A6E05E7126F4ED3100DD8795 /* Products */;
			projectDirPath = "";
			projectRoot = "";
			targets = (
				A6E05E6F26F4ED3100DD8795 /* MVVM-Magic8Ball */,
				A61E021226F90C4F0000DBD5 /* iOS-MVVM-Magic8Ball */,
			);
		};
/* End PBXProject section */

/* Begin PBXResourcesBuildPhase section */
		A61E021126F90C4F0000DBD5 /* Resources */ = {
			isa = PBXResourcesBuildPhase;
			buildActionMask = 2147483647;
			files = (
				A61E021D26F90C550000DBD5 /* Preview Assets.xcassets in Resources */,
				A61E021A26F90C550000DBD5 /* Assets.xcassets in Resources */,
			);
			runOnlyForDeploymentPostprocessing = 0;
		};
/* End PBXResourcesBuildPhase section */

/* Begin PBXSourcesBuildPhase section */
		A61E020F26F90C4F0000DBD5 /* Sources */ = {
			isa = PBXSourcesBuildPhase;
			buildActionMask = 2147483647;
			files = (
				A61E021826F90C4F0000DBD5 /* ContentView.swift in Sources */,
				A61E021626F90C4F0000DBD5 /* iOS_MVVM_Magic8BallApp.swift in Sources */,
			);
			runOnlyForDeploymentPostprocessing = 0;
		};
		A6E05E6C26F4ED3100DD8795 /* Sources */ = {
			isa = PBXSourcesBuildPhase;
			buildActionMask = 2147483647;
			files = (
				A6E05E8226F4F60600DD8795 /* AdviceViewModel.swift in Sources */,
				A6E05E7426F4ED3100DD8795 /* main.swift in Sources */,
				A6E05E7C26F4EFE300DD8795 /* Magic8Ball.swift in Sources */,
				A6E05E7E26F4F31600DD8795 /* Session.swift in Sources */,
			);
			runOnlyForDeploymentPostprocessing = 0;
		};
/* End PBXSourcesBuildPhase section */

/* Begin XCBuildConfiguration section */
		A61E021E26F90C550000DBD5 /* Debug */ = {
			isa = XCBuildConfiguration;
			buildSettings = {
				ASSETCATALOG_COMPILER_APPICON_NAME = AppIcon;
				ASSETCATALOG_COMPILER_GLOBAL_ACCENT_COLOR_NAME = AccentColor;
				CODE_SIGN_STYLE = Automatic;
				CURRENT_PROJECT_VERSION = 1;
				DEVELOPMENT_ASSET_PATHS = "\"iOS-MVVM-Magic8Ball/Preview Content\"";
				DEVELOPMENT_TEAM = S2D4LD8KV4;
				ENABLE_PREVIEWS = YES;
				GENERATE_INFOPLIST_FILE = YES;
				INFOPLIST_KEY_UIApplicationSceneManifest_Generation = YES;
				INFOPLIST_KEY_UIApplicationSupportsIndirectInputEvents = YES;
				INFOPLIST_KEY_UILaunchScreen_Generation = YES;
				INFOPLIST_KEY_UISupportedInterfaceOrientations_iPad = "UIInterfaceOrientationPortrait UIInterfaceOrientationPortraitUpsideDown UIInterfaceOrientationLandscapeLeft UIInterfaceOrientationLandscapeRight";
				INFOPLIST_KEY_UISupportedInterfaceOrientations_iPhone = "UIInterfaceOrientationPortrait UIInterfaceOrientationLandscapeLeft UIInterfaceOrientationLandscapeRight";
				IPHONEOS_DEPLOYMENT_TARGET = 15.0;
				LD_RUNPATH_SEARCH_PATHS = (
					"$(inherited)",
					"@executable_path/Frameworks",
				);
				MARKETING_VERSION = 1.0;
				PRODUCT_BUNDLE_IDENTIFIER = "ca.bradleykang.iOS-MVVM-Magic8Ball";
				PRODUCT_NAME = "$(TARGET_NAME)";
				SDKROOT = iphoneos;
				SWIFT_EMIT_LOC_STRINGS = YES;
				SWIFT_VERSION = 5.0;
				TARGETED_DEVICE_FAMILY = "1,2";
			};
			name = Debug;
		};
		A61E021F26F90C550000DBD5 /* Release */ = {
			isa = XCBuildConfiguration;
			buildSettings = {
				ASSETCATALOG_COMPILER_APPICON_NAME = AppIcon;
				ASSETCATALOG_COMPILER_GLOBAL_ACCENT_COLOR_NAME = AccentColor;
				CODE_SIGN_STYLE = Automatic;
				CURRENT_PROJECT_VERSION = 1;
				DEVELOPMENT_ASSET_PATHS = "\"iOS-MVVM-Magic8Ball/Preview Content\"";
				DEVELOPMENT_TEAM = S2D4LD8KV4;
				ENABLE_PREVIEWS = YES;
				GENERATE_INFOPLIST_FILE = YES;
				INFOPLIST_KEY_UIApplicationSceneManifest_Generation = YES;
				INFOPLIST_KEY_UIApplicationSupportsIndirectInputEvents = YES;
				INFOPLIST_KEY_UILaunchScreen_Generation = YES;
				INFOPLIST_KEY_UISupportedInterfaceOrientations_iPad = "UIInterfaceOrientationPortrait UIInterfaceOrientationPortraitUpsideDown UIInterfaceOrientationLandscapeLeft UIInterfaceOrientationLandscapeRight";
				INFOPLIST_KEY_UISupportedInterfaceOrientations_iPhone = "UIInterfaceOrientationPortrait UIInterfaceOrientationLandscapeLeft UIInterfaceOrientationLandscapeRight";
				IPHONEOS_DEPLOYMENT_TARGET = 15.0;
				LD_RUNPATH_SEARCH_PATHS = (
					"$(inherited)",
					"@executable_path/Frameworks",
				);
				MARKETING_VERSION = 1.0;
				PRODUCT_BUNDLE_IDENTIFIER = "ca.bradleykang.iOS-MVVM-Magic8Ball";
				PRODUCT_NAME = "$(TARGET_NAME)";
				SDKROOT = iphoneos;
				SWIFT_EMIT_LOC_STRINGS = YES;
				SWIFT_VERSION = 5.0;
				TARGETED_DEVICE_FAMILY = "1,2";
				VALIDATE_PRODUCT = YES;
			};
			name = Release;
		};
		A6E05E7526F4ED3100DD8795 /* Debug */ = {
			isa = XCBuildConfiguration;
			buildSettings = {
				ALWAYS_SEARCH_USER_PATHS = NO;
				CLANG_ANALYZER_NONNULL = YES;
				CLANG_ANALYZER_NUMBER_OBJECT_CONVERSION = YES_AGGRESSIVE;
				CLANG_CXX_LANGUAGE_STANDARD = "gnu++17";
				CLANG_CXX_LIBRARY = "libc++";
				CLANG_ENABLE_MODULES = YES;
				CLANG_ENABLE_OBJC_ARC = YES;
				CLANG_ENABLE_OBJC_WEAK = YES;
				CLANG_WARN_BLOCK_CAPTURE_AUTORELEASING = YES;
				CLANG_WARN_BOOL_CONVERSION = YES;
				CLANG_WARN_COMMA = YES;
				CLANG_WARN_CONSTANT_CONVERSION = YES;
				CLANG_WARN_DEPRECATED_OBJC_IMPLEMENTATIONS = YES;
				CLANG_WARN_DIRECT_OBJC_ISA_USAGE = YES_ERROR;
				CLANG_WARN_DOCUMENTATION_COMMENTS = YES;
				CLANG_WARN_EMPTY_BODY = YES;
				CLANG_WARN_ENUM_CONVERSION = YES;
				CLANG_WARN_INFINITE_RECURSION = YES;
				CLANG_WARN_INT_CONVERSION = YES;
				CLANG_WARN_NON_LITERAL_NULL_CONVERSION = YES;
				CLANG_WARN_OBJC_IMPLICIT_RETAIN_SELF = YES;
				CLANG_WARN_OBJC_LITERAL_CONVERSION = YES;
				CLANG_WARN_OBJC_ROOT_CLASS = YES_ERROR;
				CLANG_WARN_QUOTED_INCLUDE_IN_FRAMEWORK_HEADER = YES;
				CLANG_WARN_RANGE_LOOP_ANALYSIS = YES;
				CLANG_WARN_STRICT_PROTOTYPES = YES;
				CLANG_WARN_SUSPICIOUS_MOVE = YES;
				CLANG_WARN_UNGUARDED_AVAILABILITY = YES_AGGRESSIVE;
				CLANG_WARN_UNREACHABLE_CODE = YES;
				CLANG_WARN__DUPLICATE_METHOD_MATCH = YES;
				COPY_PHASE_STRIP = NO;
				DEBUG_INFORMATION_FORMAT = dwarf;
				ENABLE_STRICT_OBJC_MSGSEND = YES;
				ENABLE_TESTABILITY = YES;
				GCC_C_LANGUAGE_STANDARD = gnu11;
				GCC_DYNAMIC_NO_PIC = NO;
				GCC_NO_COMMON_BLOCKS = YES;
				GCC_OPTIMIZATION_LEVEL = 0;
				GCC_PREPROCESSOR_DEFINITIONS = (
					"DEBUG=1",
					"$(inherited)",
				);
				GCC_WARN_64_TO_32_BIT_CONVERSION = YES;
				GCC_WARN_ABOUT_RETURN_TYPE = YES_ERROR;
				GCC_WARN_UNDECLARED_SELECTOR = YES;
				GCC_WARN_UNINITIALIZED_AUTOS = YES_AGGRESSIVE;
				GCC_WARN_UNUSED_FUNCTION = YES;
				GCC_WARN_UNUSED_VARIABLE = YES;
				MACOSX_DEPLOYMENT_TARGET = 11.3;
				MTL_ENABLE_DEBUG_INFO = INCLUDE_SOURCE;
				MTL_FAST_MATH = YES;
				ONLY_ACTIVE_ARCH = YES;
				SDKROOT = macosx;
				SWIFT_ACTIVE_COMPILATION_CONDITIONS = DEBUG;
				SWIFT_OPTIMIZATION_LEVEL = "-Onone";
			};
			name = Debug;
		};
		A6E05E7626F4ED3100DD8795 /* Release */ = {
			isa = XCBuildConfiguration;
			buildSettings = {
				ALWAYS_SEARCH_USER_PATHS = NO;
				CLANG_ANALYZER_NONNULL = YES;
				CLANG_ANALYZER_NUMBER_OBJECT_CONVERSION = YES_AGGRESSIVE;
				CLANG_CXX_LANGUAGE_STANDARD = "gnu++17";
				CLANG_CXX_LIBRARY = "libc++";
				CLANG_ENABLE_MODULES = YES;
				CLANG_ENABLE_OBJC_ARC = YES;
				CLANG_ENABLE_OBJC_WEAK = YES;
				CLANG_WARN_BLOCK_CAPTURE_AUTORELEASING = YES;
				CLANG_WARN_BOOL_CONVERSION = YES;
				CLANG_WARN_COMMA = YES;
				CLANG_WARN_CONSTANT_CONVERSION = YES;
				CLANG_WARN_DEPRECATED_OBJC_IMPLEMENTATIONS = YES;
				CLANG_WARN_DIRECT_OBJC_ISA_USAGE = YES_ERROR;
				CLANG_WARN_DOCUMENTATION_COMMENTS = YES;
				CLANG_WARN_EMPTY_BODY = YES;
				CLANG_WARN_ENUM_CONVERSION = YES;
				CLANG_WARN_INFINITE_RECURSION = YES;
				CLANG_WARN_INT_CONVERSION = YES;
				CLANG_WARN_NON_LITERAL_NULL_CONVERSION = YES;
				CLANG_WARN_OBJC_IMPLICIT_RETAIN_SELF = YES;
				CLANG_WARN_OBJC_LITERAL_CONVERSION = YES;
				CLANG_WARN_OBJC_ROOT_CLASS = YES_ERROR;
				CLANG_WARN_QUOTED_INCLUDE_IN_FRAMEWORK_HEADER = YES;
				CLANG_WARN_RANGE_LOOP_ANALYSIS = YES;
				CLANG_WARN_STRICT_PROTOTYPES = YES;
				CLANG_WARN_SUSPICIOUS_MOVE = YES;
				CLANG_WARN_UNGUARDED_AVAILABILITY = YES_AGGRESSIVE;
				CLANG_WARN_UNREACHABLE_CODE = YES;
				CLANG_WARN__DUPLICATE_METHOD_MATCH = YES;
				COPY_PHASE_STRIP = NO;
				DEBUG_INFORMATION_FORMAT = "dwarf-with-dsym";
				ENABLE_NS_ASSERTIONS = NO;
				ENABLE_STRICT_OBJC_MSGSEND = YES;
				GCC_C_LANGUAGE_STANDARD = gnu11;
				GCC_NO_COMMON_BLOCKS = YES;
				GCC_WARN_64_TO_32_BIT_CONVERSION = YES;
				GCC_WARN_ABOUT_RETURN_TYPE = YES_ERROR;
				GCC_WARN_UNDECLARED_SELECTOR = YES;
				GCC_WARN_UNINITIALIZED_AUTOS = YES_AGGRESSIVE;
				GCC_WARN_UNUSED_FUNCTION = YES;
				GCC_WARN_UNUSED_VARIABLE = YES;
				MACOSX_DEPLOYMENT_TARGET = 11.3;
				MTL_ENABLE_DEBUG_INFO = NO;
				MTL_FAST_MATH = YES;
				SDKROOT = macosx;
				SWIFT_COMPILATION_MODE = wholemodule;
				SWIFT_OPTIMIZATION_LEVEL = "-O";
			};
			name = Release;
		};
		A6E05E7826F4ED3100DD8795 /* Debug */ = {
			isa = XCBuildConfiguration;
			buildSettings = {
				CODE_SIGN_STYLE = Automatic;
				DEVELOPMENT_TEAM = S2D4LD8KV4;
				ENABLE_HARDENED_RUNTIME = YES;
				PRODUCT_NAME = "$(TARGET_NAME)";
				SWIFT_VERSION = 5.0;
			};
			name = Debug;
		};
		A6E05E7926F4ED3100DD8795 /* Release */ = {
			isa = XCBuildConfiguration;
			buildSettings = {
				CODE_SIGN_STYLE = Automatic;
				DEVELOPMENT_TEAM = S2D4LD8KV4;
				ENABLE_HARDENED_RUNTIME = YES;
				PRODUCT_NAME = "$(TARGET_NAME)";
				SWIFT_VERSION = 5.0;
			};
			name = Release;
		};
/* End XCBuildConfiguration section */

/* Begin XCConfigurationList section */
		A61E022026F90C550000DBD5 /* Build configuration list for PBXNativeTarget "iOS-MVVM-Magic8Ball" */ = {
			isa = XCConfigurationList;
			buildConfigurations = (
				A61E021E26F90C550000DBD5 /* Debug */,
				A61E021F26F90C550000DBD5 /* Release */,
			);
			defaultConfigurationIsVisible = 0;
			defaultConfigurationName = Release;
		};
		A6E05E6B26F4ED3100DD8795 /* Build configuration list for PBXProject "MVVM-Magic8Ball" */ = {
			isa = XCConfigurationList;
			buildConfigurations = (
				A6E05E7526F4ED3100DD8795 /* Debug */,
				A6E05E7626F4ED3100DD8795 /* Release */,
			);
			defaultConfigurationIsVisible = 0;
			defaultConfigurationName = Release;
		};
		A6E05E7726F4ED3100DD8795 /* Build configuration list for PBXNativeTarget "MVVM-Magic8Ball" */ = {
			isa = XCConfigurationList;
			buildConfigurations = (
				A6E05E7826F4ED3100DD8795 /* Debug */,
				A6E05E7926F4ED3100DD8795 /* Release */,
			);
			defaultConfigurationIsVisible = 0;
			defaultConfigurationName = Release;
		};
/* End XCConfigurationList section */
	};
	rootObject = A6E05E6826F4ED3100DD8795 /* Project object */;
}
